
Microsoft Visual Studio Solution File, Format Version 12.00
# Visual Studio 15
VisualStudioVersion = 15.0.27428.2015
MinimumVisualStudioVersion = 10.0.40219.1
Project("{FAE04EC0-301F-11D3-BF4B-00C04F79EFBC}") = "CodeCheck", "..\CodeCheck\CodeCheck.csproj", "{F47C4AD5-8270-4078-9D03-67B463AD9EA2}"
EndProject
Project("{FAE04EC0-301F-11D3-BF4B-00C04F79EFBC}") = "CommonLib", "..\CommonLib\CommonLib.csproj", "{8A520237-F486-48EE-B08B-5B3CE5FA63A2}"
EndProject
Project("{FAE04EC0-301F-11D3-BF4B-00C04F79EFBC}") = "ItemCore", "ItemCore\ItemCore.csproj", "{FE9A90A0-625F-4AC7-8603-E2CAB38630A0}"
EndProject
Project("{FAE04EC0-301F-11D3-BF4B-00C04F79EFBC}") = "WebApplicationTest", "WebApplicationTest\WebApplicationTest.csproj", "{50933DBD-104B-4389-A0FF-7953F46760FA}"
EndProject
Global
	GlobalSection(SolutionConfigurationPlatforms) = preSolution
		Debug|Any CPU = Debug|Any CPU
		Release|Any CPU = Release|Any CPU
	EndGlobalSection
	GlobalSection(ProjectConfigurationPlatforms) = postSolution
		{F47C4AD5-8270-4078-9D03-67B463AD9EA2}.Debug|Any CPU.ActiveCfg = Debug|Any CPU
		{F47C4AD5-8270-4078-9D03-67B463AD9EA2}.Debug|Any CPU.Build.0 = Debug|Any CPU
		{F47C4AD5-8270-4078-9D03-67B463AD9EA2}.Release|Any CPU.ActiveCfg = Release|Any CPU
		{F47C4AD5-8270-4078-9D03-67B463AD9EA2}.Release|Any CPU.Build.0 = Release|Any CPU
		{8A520237-F486-48EE-B08B-5B3CE5FA63A2}.Debug|Any CPU.ActiveCfg = Debug|Any CPU
		{8A520237-F486-48EE-B08B-5B3CE5FA63A2}.Debug|Any CPU.Build.0 = Debug|Any CPU
		{8A520237-F486-48EE-B08B-5B3CE5FA63A2}.Release|Any CPU.ActiveCfg = Release|Any CPU
		{8A520237-F486-48EE-B08B-5B3CE5FA63A2}.Release|Any CPU.Build.0 = Release|Any CPU
		{FE9A90A0-625F-4AC7-8603-E2CAB38630A0}.Debug|Any CPU.ActiveCfg = Debug|Any CPU
		{FE9A90A0-625F-4AC7-8603-E2CAB38630A0}.Debug|Any CPU.Build.0 = Debug|Any CPU
		{FE9A90A0-625F-4AC7-8603-E2CAB38630A0}.Release|Any CPU.ActiveCfg = Release|Any CPU
		{FE9A90A0-625F-4AC7-8603-E2CAB38630A0}.Release|Any CPU.Build.0 = Release|Any CPU
		{50933DBD-104B-4389-A0FF-7953F46760FA}.Debug|Any CPU.ActiveCfg = Debug|Any CPU
		{50933DBD-104B-4389-A0FF-7953F46760FA}.Debug|Any CPU.Build.0 = Debug|Any CPU
		{50933DBD-104B-4389-A0FF-7953F46760FA}.Release|Any CPU.ActiveCfg = Release|Any CPU
		{50933DBD-104B-4389-A0FF-7953F46760FA}.Release|Any CPU.Build.0 = Release|Any CPU
	EndGlobalSection
	GlobalSection(SolutionProperties) = preSolution
		HideSolutionNode = FALSE
	EndGlobalSection
	GlobalSection(ExtensibilityGlobals) = postSolution
		SolutionGuid = {64391F81-2129-4E86-924F-5ACF5898C948}
	EndGlobalSection
EndGlobal
